
Microsoft Visual Studio Solution File, Format Version 12.00
# Visual Studio 15
VisualStudioVersion = 15.0.28307.489
MinimumVisualStudioVersion = 10.0.40219.1
Project("{9A19103F-16F7-4668-BE54-9A1E7A4F7556}") = "RemoveDups2", "RemoveDups2\RemoveDups2.csproj", "{816EDB33-6B1D-42CC-896A-66051411DF65}"
EndProject
Project("{9A19103F-16F7-4668-BE54-9A1E7A4F7556}") = "StringRotated3", "IsRotated\StringRotated3.csproj", "{1E9957A5-26E2-4910-A2C9-6FC149365E51}"
EndProject
Project("{9A19103F-16F7-4668-BE54-9A1E7A4F7556}") = "RomanToInteger4", "RomanToInteger\RomanToInteger4.csproj", "{9CB0514F-8F8D-479C-89B9-0347A3D19BF3}"
EndProject
Project("{9A19103F-16F7-4668-BE54-9A1E7A4F7556}") = "LCSLenght5", "LCSLenght5\LCSLenght5.csproj", "{C4113C4D-6620-405C-8310-7610636D4B7E}"
EndProject
Project("{9A19103F-16F7-4668-BE54-9A1E7A4F7556}") = "LongestUniqSubString6", "LongestUniqSubString6\LongestUniqSubString6.csproj", "{C5F44E7D-503B-4648-9C16-02126B203D86}"
EndProject
Project("{9A19103F-16F7-4668-BE54-9A1E7A4F7556}") = "ConvertStringToInt7", "ConvertStringToInt7\ConvertStringToInt7.csproj", "{B16894F9-E2B1-4025-9B5A-704DD0E39462}"
EndProject
Project("{9A19103F-16F7-4668-BE54-9A1E7A4F7556}") = "FindStrStrPos8", "FindStrStrPos8\FindStrStrPos8.csproj", "{6DC48133-A7D0-4743-85F9-3DEFECAE215A}"
EndProject
Project("{9A19103F-16F7-4668-BE54-9A1E7A4F7556}") = "NstringCommonSubString9", "NstringCommonSubString9\NstringCommonSubString9.csproj", "{F1998D00-8FEC-4FB1-B4EF-9BEF35EB7627}"
EndProject
Project("{FAE04EC0-301F-11D3-BF4B-00C04F79EFBC}") = "LongPalindromeSubstring1", "LongPalindromeSubstring1\LongPalindromeSubstring1.csproj", "{72AEDB70-65C0-4AE2-BEFC-2865E5B2FC70}"
EndProject
Global
	GlobalSection(SolutionConfigurationPlatforms) = preSolution
		Debug|Any CPU = Debug|Any CPU
		Release|Any CPU = Release|Any CPU
	EndGlobalSection
	GlobalSection(ProjectConfigurationPlatforms) = postSolution
		{816EDB33-6B1D-42CC-896A-66051411DF65}.Debug|Any CPU.ActiveCfg = Debug|Any CPU
		{816EDB33-6B1D-42CC-896A-66051411DF65}.Debug|Any CPU.Build.0 = Debug|Any CPU
		{816EDB33-6B1D-42CC-896A-66051411DF65}.Release|Any CPU.ActiveCfg = Release|Any CPU
		{816EDB33-6B1D-42CC-896A-66051411DF65}.Release|Any CPU.Build.0 = Release|Any CPU
		{1E9957A5-26E2-4910-A2C9-6FC149365E51}.Debug|Any CPU.ActiveCfg = Debug|Any CPU
		{1E9957A5-26E2-4910-A2C9-6FC149365E51}.Debug|Any CPU.Build.0 = Debug|Any CPU
		{1E9957A5-26E2-4910-A2C9-6FC149365E51}.Release|Any CPU.ActiveCfg = Release|Any CPU
		{1E9957A5-26E2-4910-A2C9-6FC149365E51}.Release|Any CPU.Build.0 = Release|Any CPU
		{9CB0514F-8F8D-479C-89B9-0347A3D19BF3}.Debug|Any CPU.ActiveCfg = Debug|Any CPU
		{9CB0514F-8F8D-479C-89B9-0347A3D19BF3}.Debug|Any CPU.Build.0 = Debug|Any CPU
		{9CB0514F-8F8D-479C-89B9-0347A3D19BF3}.Release|Any CPU.ActiveCfg = Release|Any CPU
		{9CB0514F-8F8D-479C-89B9-0347A3D19BF3}.Release|Any CPU.Build.0 = Release|Any CPU
		{C4113C4D-6620-405C-8310-7610636D4B7E}.Debug|Any CPU.ActiveCfg = Debug|Any CPU
		{C4113C4D-6620-405C-8310-7610636D4B7E}.Debug|Any CPU.Build.0 = Debug|Any CPU
		{C4113C4D-6620-405C-8310-7610636D4B7E}.Release|Any CPU.ActiveCfg = Release|Any CPU
		{C4113C4D-6620-405C-8310-7610636D4B7E}.Release|Any CPU.Build.0 = Release|Any CPU
		{C5F44E7D-503B-4648-9C16-02126B203D86}.Debug|Any CPU.ActiveCfg = Debug|Any CPU
		{C5F44E7D-503B-4648-9C16-02126B203D86}.Debug|Any CPU.Build.0 = Debug|Any CPU
		{C5F44E7D-503B-4648-9C16-02126B203D86}.Release|Any CPU.ActiveCfg = Release|Any CPU
		{C5F44E7D-503B-4648-9C16-02126B203D86}.Release|Any CPU.Build.0 = Release|Any CPU
		{B16894F9-E2B1-4025-9B5A-704DD0E39462}.Debug|Any CPU.ActiveCfg = Debug|Any CPU
		{B16894F9-E2B1-4025-9B5A-704DD0E39462}.Debug|Any CPU.Build.0 = Debug|Any CPU
		{B16894F9-E2B1-4025-9B5A-704DD0E39462}.Release|Any CPU.ActiveCfg = Release|Any CPU
		{B16894F9-E2B1-4025-9B5A-704DD0E39462}.Release|Any CPU.Build.0 = Release|Any CPU
		{6DC48133-A7D0-4743-85F9-3DEFECAE215A}.Debug|Any CPU.ActiveCfg = Debug|Any CPU
		{6DC48133-A7D0-4743-85F9-3DEFECAE215A}.Debug|Any CPU.Build.0 = Debug|Any CPU
		{6DC48133-A7D0-4743-85F9-3DEFECAE215A}.Release|Any CPU.ActiveCfg = Release|Any CPU
		{6DC48133-A7D0-4743-85F9-3DEFECAE215A}.Release|Any CPU.Build.0 = Release|Any CPU
		{F1998D00-8FEC-4FB1-B4EF-9BEF35EB7627}.Debug|Any CPU.ActiveCfg = Debug|Any CPU
		{F1998D00-8FEC-4FB1-B4EF-9BEF35EB7627}.Debug|Any CPU.Build.0 = Debug|Any CPU
		{F1998D00-8FEC-4FB1-B4EF-9BEF35EB7627}.Release|Any CPU.ActiveCfg = Release|Any CPU
		{F1998D00-8FEC-4FB1-B4EF-9BEF35EB7627}.Release|Any CPU.Build.0 = Release|Any CPU
		{72AEDB70-65C0-4AE2-BEFC-2865E5B2FC70}.Debug|Any CPU.ActiveCfg = Debug|Any CPU
		{72AEDB70-65C0-4AE2-BEFC-2865E5B2FC70}.Debug|Any CPU.Build.0 = Debug|Any CPU
		{72AEDB70-65C0-4AE2-BEFC-2865E5B2FC70}.Release|Any CPU.ActiveCfg = Release|Any CPU
		{72AEDB70-65C0-4AE2-BEFC-2865E5B2FC70}.Release|Any CPU.Build.0 = Release|Any CPU
	EndGlobalSection
	GlobalSection(SolutionProperties) = preSolution
		HideSolutionNode = FALSE
	EndGlobalSection
	GlobalSection(ExtensibilityGlobals) = postSolution
		SolutionGuid = {12B65E68-24A3-4679-AF8E-95470F0F126B}
	EndGlobalSection
EndGlobal
